// !$*UTF8*$!
{
	archiveVersion = 1;
	classes = {
	};
	objectVersion = 46;
	objects = {

/* Begin PBXBuildFile section */
		CCAB4EF51EBE5A6500022D9C /* AppDelegate.swift in Sources */ = {isa = PBXBuildFile; fileRef = CCAB4EF41EBE5A6500022D9C /* AppDelegate.swift */; };
		CCAB4EF71EBE5A6500022D9C /* ViewController.swift in Sources */ = {isa = PBXBuildFile; fileRef = CCAB4EF61EBE5A6500022D9C /* ViewController.swift */; };
		CCAB4EFA1EBE5A6500022D9C /* Main.storyboard in Resources */ = {isa = PBXBuildFile; fileRef = CCAB4EF81EBE5A6500022D9C /* Main.storyboard */; };
		CCAB4EFC1EBE5A6500022D9C /* Assets.xcassets in Resources */ = {isa = PBXBuildFile; fileRef = CCAB4EFB1EBE5A6500022D9C /* Assets.xcassets */; };
		CCAB4EFF1EBE5A6500022D9C /* LaunchScreen.storyboard in Resources */ = {isa = PBXBuildFile; fileRef = CCAB4EFD1EBE5A6500022D9C /* LaunchScreen.storyboard */; };
		CCAB4F081EBFF48700022D9C /* CalculatorBrain.swift in Sources */ = {isa = PBXBuildFile; fileRef = CCAB4F071EBFF48700022D9C /* CalculatorBrain.swift */; };
/* End PBXBuildFile section */

/* Begin PBXFileReference section */
		CCAB4EF11EBE5A6500022D9C /* Calculator.app */ = {isa = PBXFileReference; explicitFileType = wrapper.application; includeInIndex = 0; path = Calculator.app; sourceTree = BUILT_PRODUCTS_DIR; };
		CCAB4EF41EBE5A6500022D9C /* AppDelegate.swift */ = {isa = PBXFileReference; lastKnownFileType = sourcecode.swift; path = AppDelegate.swift; sourceTree = "<group>"; };
		CCAB4EF61EBE5A6500022D9C /* ViewController.swift */ = {isa = PBXFileReference; lastKnownFileType = sourcecode.swift; path = ViewController.swift; sourceTree = "<group>"; };
		CCAB4EF91EBE5A6500022D9C /* Base */ = {isa = PBXFileReference; lastKnownFileType = file.storyboard; name = Base; path = Base.lproj/Main.storyboard; sourceTree = "<group>"; };
		CCAB4EFB1EBE5A6500022D9C /* Assets.xcassets */ = {isa = PBXFileReference; lastKnownFileType = folder.assetcatalog; path = Assets.xcassets; sourceTree = "<group>"; };
		CCAB4EFE1EBE5A6500022D9C /* Base */ = {isa = PBXFileReference; lastKnownFileType = file.storyboard; name = Base; path = Base.lproj/LaunchScreen.storyboard; sourceTree = "<group>"; };
		CCAB4F001EBE5A6500022D9C /* Info.plist */ = {isa = PBXFileReference; lastKnownFileType = text.plist.xml; path = Info.plist; sourceTree = "<group>"; };
		CCAB4F071EBFF48700022D9C /* CalculatorBrain.swift */ = {isa = PBXFileReference; fileEncoding = 4; lastKnownFileType = sourcecode.swift; path = CalculatorBrain.swift; sourceTree = "<group>"; };
/* End PBXFileReference section */

/* Begin PBXFrameworksBuildPhase section */
		CCAB4EEE1EBE5A6500022D9C /* Frameworks */ = {
			isa = PBXFrameworksBuildPhase;
			buildActionMask = 2147483647;
			files = (
			);
			runOnlyForDeploymentPostprocessing = 0;
		};
/* End PBXFrameworksBuildPhase section */

/* Begin PBXGroup section */
		CCAB4EE81EBE5A6500022D9C = {
			isa = PBXGroup;
			children = (
				CCAB4EF31EBE5A6500022D9C /* Calculator */,
				CCAB4EF21EBE5A6500022D9C /* Products */,
			);
			sourceTree = "<group>";
		};
		CCAB4EF21EBE5A6500022D9C /* Products */ = {
			isa = PBXGroup;
			children = (
				CCAB4EF11EBE5A6500022D9C /* Calculator.app */,
			);
			name = Products;
			sourceTree = "<group>";
		};
		CCAB4EF31EBE5A6500022D9C /* Calculator */ = {
			isa = PBXGroup;
			children = (
				CCAB4F061EBE5B1600022D9C /* Supporting Files */,
				CCAB4EF61EBE5A6500022D9C /* ViewController.swift */,
				CCAB4EF81EBE5A6500022D9C /* Main.storyboard */,
				CCAB4F071EBFF48700022D9C /* CalculatorBrain.swift */,
			);
			path = Calculator;
			sourceTree = "<group>";
		};
		CCAB4F061EBE5B1600022D9C /* Supporting Files */ = {
			isa = PBXGroup;
			children = (
				CCAB4EF41EBE5A6500022D9C /* AppDelegate.swift */,
				CCAB4EFB1EBE5A6500022D9C /* Assets.xcassets */,
				CCAB4EFD1EBE5A6500022D9C /* LaunchScreen.storyboard */,
				CCAB4F001EBE5A6500022D9C /* Info.plist */,
			);
			name = "Supporting Files";
			sourceTree = "<group>";
		};
/* End PBXGroup section */

/* Begin PBXNativeTarget section */
		CCAB4EF01EBE5A6500022D9C /* Calculator */ = {
			isa = PBXNativeTarget;
			buildConfigurationList = CCAB4F031EBE5A6500022D9C /* Build configuration list for PBXNativeTarget "Calculator" */;
			buildPhases = (
				CCAB4EED1EBE5A6500022D9C /* Sources */,
				CCAB4EEE1EBE5A6500022D9C /* Frameworks */,
				CCAB4EEF1EBE5A6500022D9C /* Resources */,
			);
			buildRules = (
			);
			dependencies = (
			);
			name = Calculator;
			productName = Calculator;
			productReference = CCAB4EF11EBE5A6500022D9C /* Calculator.app */;
			productType = "com.apple.product-type.application";
		};
/* End PBXNativeTarget section */

/* Begin PBXProject section */
		CCAB4EE91EBE5A6500022D9C /* Project object */ = {
			isa = PBXProject;
			attributes = {
				LastSwiftUpdateCheck = 0800;
				LastUpgradeCheck = 0800;
				ORGANIZATIONNAME = "Gus Uy";
				TargetAttributes = {
					CCAB4EF01EBE5A6500022D9C = {
						CreatedOnToolsVersion = 8.0;
						DevelopmentTeam = 3ALCL65DNT;
						ProvisioningStyle = Automatic;
					};
				};
			};
			buildConfigurationList = CCAB4EEC1EBE5A6500022D9C /* Build configuration list for PBXProject "Calculator" */;
			compatibilityVersion = "Xcode 3.2";
			developmentRegion = English;
			hasScannedForEncodings = 0;
			knownRegions = (
				en,
				Base,
			);
			mainGroup = CCAB4EE81EBE5A6500022D9C;
			productRefGroup = CCAB4EF21EBE5A6500022D9C /* Products */;
			projectDirPath = "";
			projectRoot = "";
			targets = (
				CCAB4EF01EBE5A6500022D9C /* Calculator */,
			);
		};
/* End PBXProject section */

/* Begin PBXResourcesBuildPhase section */
		CCAB4EEF1EBE5A6500022D9C /* Resources */ = {
			isa = PBXResourcesBuildPhase;
			buildActionMask = 2147483647;
			files = (
				CCAB4EFF1EBE5A6500022D9C /* LaunchScreen.storyboard in Resources */,
				CCAB4EFC1EBE5A6500022D9C /* Assets.xcassets in Resources */,
				CCAB4EFA1EBE5A6500022D9C /* Main.storyboard in Resources */,
			);
			runOnlyForDeploymentPostprocessing = 0;
		};
/* End PBXResourcesBuildPhase section */

/* Begin PBXSourcesBuildPhase section */
		CCAB4EED1EBE5A6500022D9C /* Sources */ = {
			isa = PBXSourcesBuildPhase;
			buildActionMask = 2147483647;
			files = (
				CCAB4F081EBFF48700022D9C /* CalculatorBrain.swift in Sources */,
				CCAB4EF71EBE5A6500022D9C /* ViewController.swift in Sources */,
				CCAB4EF51EBE5A6500022D9C /* AppDelegate.swift in Sources */,
			);
			runOnlyForDeploymentPostprocessing = 0;
		};
/* End PBXSourcesBuildPhase section */

/* Begin PBXVariantGroup section */
		CCAB4EF81EBE5A6500022D9C /* Main.storyboard */ = {
			isa = PBXVariantGroup;
			children = (
				CCAB4EF91EBE5A6500022D9C /* Base */,
			);
			name = Main.storyboard;
			sourceTree = "<group>";
		};
		CCAB4EFD1EBE5A6500022D9C /* LaunchScreen.storyboard */ = {
			isa = PBXVariantGroup;
			children = (
				CCAB4EFE1EBE5A6500022D9C /* Base */,
			);
			name = LaunchScreen.storyboard;
			sourceTree = "<group>";
		};
/* End PBXVariantGroup section */

/* Begin XCBuildConfiguration section */
		CCAB4F011EBE5A6500022D9C /* Debug */ = {
			isa = XCBuildConfiguration;
			buildSettings = {
				ALWAYS_SEARCH_USER_PATHS = NO;
				CLANG_ANALYZER_NONNULL = YES;
				CLANG_CXX_LANGUAGE_STANDARD = "gnu++0x";
				CLANG_CXX_LIBRARY = "libc++";
				CLANG_ENABLE_MODULES = YES;
				CLANG_ENABLE_OBJC_ARC = YES;
				CLANG_WARN_BOOL_CONVERSION = YES;
				CLANG_WARN_CONSTANT_CONVERSION = YES;
				CLANG_WARN_DIRECT_OBJC_ISA_USAGE = YES_ERROR;
				CLANG_WARN_DOCUMENTATION_COMMENTS = YES;
				CLANG_WARN_EMPTY_BODY = YES;
				CLANG_WARN_ENUM_CONVERSION = YES;
				CLANG_WARN_INFINITE_RECURSION = YES;
				CLANG_WARN_INT_CONVERSION = YES;
				CLANG_WARN_OBJC_ROOT_CLASS = YES_ERROR;
				CLANG_WARN_SUSPICIOUS_MOVES = YES;
				CLANG_WARN_UNREACHABLE_CODE = YES;
				CLANG_WARN__DUPLICATE_METHOD_MATCH = YES;
				"CODE_SIGN_IDENTITY[sdk=iphoneos*]" = "iPhone Developer";
				COPY_PHASE_STRIP = NO;
				DEBUG_INFORMATION_FORMAT = dwarf;
				ENABLE_STRICT_OBJC_MSGSEND = YES;
				ENABLE_TESTABILITY = YES;
				GCC_C_LANGUAGE_STANDARD = gnu99;
				GCC_DYNAMIC_NO_PIC = NO;
				GCC_NO_COMMON_BLOCKS = YES;
				GCC_OPTIMIZATION_LEVEL = 0;
				GCC_PREPROCESSOR_DEFINITIONS = (
					"DEBUG=1",
					"$(inherited)",
				);
				GCC_WARN_64_TO_32_BIT_CONVERSION = YES;
				GCC_WARN_ABOUT_RETURN_TYPE = YES_ERROR;
				GCC_WARN_UNDECLARED_SELECTOR = YES;
				GCC_WARN_UNINITIALIZED_AUTOS = YES_AGGRESSIVE;
				GCC_WARN_UNUSED_FUNCTION = YES;
				GCC_WARN_UNUSED_VARIABLE = YES;
				IPHONEOS_DEPLOYMENT_TARGET = 10.0;
				MTL_ENABLE_DEBUG_INFO = YES;
				ONLY_ACTIVE_ARCH = YES;
				SDKROOT = iphoneos;
				SWIFT_ACTIVE_COMPILATION_CONDITIONS = DEBUG;
				SWIFT_OPTIMIZATION_LEVEL = "-Onone";
				TARGETED_DEVICE_FAMILY = "1,2";
			};
			name = Debug;
		};
		CCAB4F021EBE5A6500022D9C /* Release */ = {
			isa = XCBuildConfiguration;
			buildSettings = {
				ALWAYS_SEARCH_USER_PATHS = NO;
				CLANG_ANALYZER_NONNULL = YES;
				CLANG_CXX_LANGUAGE_STANDARD = "gnu++0x";
				CLANG_CXX_LIBRARY = "libc++";
				CLANG_ENABLE_MODULES = YES;
				CLANG_ENABLE_OBJC_ARC = YES;
				CLANG_WARN_BOOL_CONVERSION = YES;
				CLANG_WARN_CONSTANT_CONVERSION = YES;
				CLANG_WARN_DIRECT_OBJC_ISA_USAGE = YES_ERROR;
				CLANG_WARN_DOCUMENTATION_COMMENTS = YES;
				CLANG_WARN_EMPTY_BODY = YES;
				CLANG_WARN_ENUM_CONVERSION = YES;
				CLANG_WARN_INFINITE_RECURSION = YES;
				CLANG_WARN_INT_CONVERSION = YES;
				CLANG_WARN_OBJC_ROOT_CLASS = YES_ERROR;
				CLANG_WARN_SUSPICIOUS_MOVES = YES;
				CLANG_WARN_UNREACHABLE_CODE = YES;
				CLANG_WARN__DUPLICATE_METHOD_MATCH = YES;
				"CODE_SIGN_IDENTITY[sdk=iphoneos*]" = "iPhone Developer";
				COPY_PHASE_STRIP = NO;
				DEBUG_INFORMATION_FORMAT = "dwarf-with-dsym";
				ENABLE_NS_ASSERTIONS = NO;
				ENABLE_STRICT_OBJC_MSGSEND = YES;
				GCC_C_LANGUAGE_STANDARD = gnu99;
				GCC_NO_COMMON_BLOCKS = YES;
				GCC_WARN_64_TO_32_BIT_CONVERSION = YES;
				GCC_WARN_ABOUT_RETURN_TYPE = YES_ERROR;
				GCC_WARN_UNDECLARED_SELECTOR = YES;
				GCC_WARN_UNINITIALIZED_AUTOS = YES_AGGRESSIVE;
				GCC_WARN_UNUSED_FUNCTION = YES;
				GCC_WARN_UNUSED_VARIABLE = YES;
				IPHONEOS_DEPLOYMENT_TARGET = 10.0;
				MTL_ENABLE_DEBUG_INFO = NO;
				SDKROOT = iphoneos;
				SWIFT_OPTIMIZATION_LEVEL = "-Owholemodule";
				TARGETED_DEVICE_FAMILY = "1,2";
				VALIDATE_PRODUCT = YES;
			};
			name = Release;
		};
		CCAB4F041EBE5A6500022D9C /* Debug */ = {
			isa = XCBuildConfiguration;
			buildSettings = {
				ASSETCATALOG_COMPILER_APPICON_NAME = AppIcon;
				DEVELOPMENT_TEAM = 3ALCL65DNT;
				INFOPLIST_FILE = Calculator/Info.plist;
				LD_RUNPATH_SEARCH_PATHS = "$(inherited) @executable_path/Frameworks";
				PRODUCT_BUNDLE_IDENTIFIER = com.uy.gus.Calculator;
				PRODUCT_NAME = "$(TARGET_NAME)";
				SWIFT_VERSION = 3.0;
			};
			name = Debug;
		};
		CCAB4F051EBE5A6500022D9C /* Release */ = {
			isa = XCBuildConfiguration;
			buildSettings = {
				ASSETCATALOG_COMPILER_APPICON_NAME = AppIcon;
				DEVELOPMENT_TEAM = 3ALCL65DNT;
				INFOPLIST_FILE = Calculator/Info.plist;
				LD_RUNPATH_SEARCH_PATHS = "$(inherited) @executable_path/Frameworks";
				PRODUCT_BUNDLE_IDENTIFIER = com.uy.gus.Calculator;
				PRODUCT_NAME = "$(TARGET_NAME)";
				SWIFT_VERSION = 3.0;
			};
			name = Release;
		};
/* End XCBuildConfiguration section */

/* Begin XCConfigurationList section */
		CCAB4EEC1EBE5A6500022D9C /* Build configuration list for PBXProject "Calculator" */ = {
			isa = XCConfigurationList;
			buildConfigurations = (
				CCAB4F011EBE5A6500022D9C /* Debug */,
				CCAB4F021EBE5A6500022D9C /* Release */,
			);
			defaultConfigurationIsVisible = 0;
			defaultConfigurationName = Release;
		};
		CCAB4F031EBE5A6500022D9C /* Build configuration list for PBXNativeTarget "Calculator" */ = {
			isa = XCConfigurationList;
			buildConfigurations = (
				CCAB4F041EBE5A6500022D9C /* Debug */,
				CCAB4F051EBE5A6500022D9C /* Release */,
			);
			defaultConfigurationIsVisible = 0;
		};
/* End XCConfigurationList section */
	};
	rootObject = CCAB4EE91EBE5A6500022D9C /* Project object */;
}
